
Microsoft Visual Studio Solution File, Format Version 12.00
# Visual Studio 14
VisualStudioVersion = 14.0.25420.1
MinimumVisualStudioVersion = 10.0.40219.1
Project("{FAE04EC0-301F-11D3-BF4B-00C04F79EFBC}") = "ToolsStoreService", "ToolsStoreService\ToolsStoreService.csproj", "{6CAE667D-67EF-4DE9-92FE-111A31BC1A07}"
EndProject
Project("{FAE04EC0-301F-11D3-BF4B-00C04F79EFBC}") = "ToolsStore.Domain", "ToolsStore.Domain\ToolsStore.Domain.csproj", "{15B6B5B2-6054-4335-8987-F065509A8DD1}"
EndProject
Project("{FAE04EC0-301F-11D3-BF4B-00C04F79EFBC}") = "ToolsStore.WebUI", "ToolsStore.WebUI\ToolsStore.WebUI.csproj", "{0F462F60-5064-43C2-9C72-1711DDB6AAE9}"
EndProject
Project("{FAE04EC0-301F-11D3-BF4B-00C04F79EFBC}") = "ToolsStore.UnitTests", "ToolsStore.UnitTests\ToolsStore.UnitTests.csproj", "{82BCACE5-0180-4569-9A93-361568612216}"
EndProject
Global
	GlobalSection(SolutionConfigurationPlatforms) = preSolution
		Debug|Any CPU = Debug|Any CPU
		Release|Any CPU = Release|Any CPU
	EndGlobalSection
	GlobalSection(ProjectConfigurationPlatforms) = postSolution
		{6CAE667D-67EF-4DE9-92FE-111A31BC1A07}.Debug|Any CPU.ActiveCfg = Debug|Any CPU
		{6CAE667D-67EF-4DE9-92FE-111A31BC1A07}.Debug|Any CPU.Build.0 = Debug|Any CPU
		{6CAE667D-67EF-4DE9-92FE-111A31BC1A07}.Release|Any CPU.ActiveCfg = Release|Any CPU
		{6CAE667D-67EF-4DE9-92FE-111A31BC1A07}.Release|Any CPU.Build.0 = Release|Any CPU
		{15B6B5B2-6054-4335-8987-F065509A8DD1}.Debug|Any CPU.ActiveCfg = Debug|Any CPU
		{15B6B5B2-6054-4335-8987-F065509A8DD1}.Debug|Any CPU.Build.0 = Debug|Any CPU
		{15B6B5B2-6054-4335-8987-F065509A8DD1}.Release|Any CPU.ActiveCfg = Release|Any CPU
		{15B6B5B2-6054-4335-8987-F065509A8DD1}.Release|Any CPU.Build.0 = Release|Any CPU
		{0F462F60-5064-43C2-9C72-1711DDB6AAE9}.Debug|Any CPU.ActiveCfg = Debug|Any CPU
		{0F462F60-5064-43C2-9C72-1711DDB6AAE9}.Debug|Any CPU.Build.0 = Debug|Any CPU
		{0F462F60-5064-43C2-9C72-1711DDB6AAE9}.Release|Any CPU.ActiveCfg = Release|Any CPU
		{0F462F60-5064-43C2-9C72-1711DDB6AAE9}.Release|Any CPU.Build.0 = Release|Any CPU
		{82BCACE5-0180-4569-9A93-361568612216}.Debug|Any CPU.ActiveCfg = Debug|Any CPU
		{82BCACE5-0180-4569-9A93-361568612216}.Debug|Any CPU.Build.0 = Debug|Any CPU
		{82BCACE5-0180-4569-9A93-361568612216}.Release|Any CPU.ActiveCfg = Release|Any CPU
		{82BCACE5-0180-4569-9A93-361568612216}.Release|Any CPU.Build.0 = Release|Any CPU
	EndGlobalSection
	GlobalSection(SolutionProperties) = preSolution
		HideSolutionNode = FALSE
	EndGlobalSection
EndGlobal
